// !$*UTF8*$!
{
	archiveVersion = 1;
	classes = {
	};
	objectVersion = 50;
	objects = {

/* Begin PBXBuildFile section */
		546F13C9A4D711798EF073DF /* Pods_MovieFilterTests.framework in Frameworks */ = {isa = PBXBuildFile; fileRef = 694A2B7339F4F7D507B19029 /* Pods_MovieFilterTests.framework */; };
		6B7193DD21B9C31A0035F85F /* Tweet_Struct.swift in Sources */ = {isa = PBXBuildFile; fileRef = 6B7193DC21B9C31A0035F85F /* Tweet_Struct.swift */; };
		6B83C970209C629D00DB51BC /* MapPins.swift in Sources */ = {isa = PBXBuildFile; fileRef = 6B83C96F209C629D00DB51BC /* MapPins.swift */; };
		6B83C972209C675300DB51BC /* DiscoveryTableViewController.swift in Sources */ = {isa = PBXBuildFile; fileRef = 6B83C971209C675300DB51BC /* DiscoveryTableViewController.swift */; };
		6BE4D120209B9AF600728A3D /* AppDelegate.swift in Sources */ = {isa = PBXBuildFile; fileRef = 6BE4D11F209B9AF600728A3D /* AppDelegate.swift */; };
		6BE4D125209B9AF700728A3D /* Main.storyboard in Resources */ = {isa = PBXBuildFile; fileRef = 6BE4D123209B9AF700728A3D /* Main.storyboard */; };
		6BE4D127209B9AFE00728A3D /* Assets.xcassets in Resources */ = {isa = PBXBuildFile; fileRef = 6BE4D126209B9AFE00728A3D /* Assets.xcassets */; };
		6BE4D12A209B9AFE00728A3D /* LaunchScreen.storyboard in Resources */ = {isa = PBXBuildFile; fileRef = 6BE4D128209B9AFE00728A3D /* LaunchScreen.storyboard */; };
		6BE4D135209B9AFE00728A3D /* MovieFilterTests.swift in Sources */ = {isa = PBXBuildFile; fileRef = 6BE4D134209B9AFE00728A3D /* MovieFilterTests.swift */; };
		6BE4D140209B9AFE00728A3D /* MovieFilterUITests.swift in Sources */ = {isa = PBXBuildFile; fileRef = 6BE4D13F209B9AFE00728A3D /* MovieFilterUITests.swift */; };
		6BE4D150209BDC2200728A3D /* MovieDataModel.swift in Sources */ = {isa = PBXBuildFile; fileRef = 6BE4D14F209BDC2200728A3D /* MovieDataModel.swift */; };
		6BE4D152209BEDF500728A3D /* MapViewController.swift in Sources */ = {isa = PBXBuildFile; fileRef = 6BE4D151209BEDF500728A3D /* MapViewController.swift */; };
		6BE4D154209C117B00728A3D /* FavoritesViewController.swift in Sources */ = {isa = PBXBuildFile; fileRef = 6BE4D153209C117B00728A3D /* FavoritesViewController.swift */; };
		6BE4D15A209C298100728A3D /* ResultsStrut.swift in Sources */ = {isa = PBXBuildFile; fileRef = 6BE4D159209C298100728A3D /* ResultsStrut.swift */; };
		6BE4D15C209C42DE00728A3D /* OverallDescriptionStruct.swift in Sources */ = {isa = PBXBuildFile; fileRef = 6BE4D15B209C42DD00728A3D /* OverallDescriptionStruct.swift */; };
		7EAB5F3C3C34CF53DF904D52 /* Pods_MovieFilter.framework in Frameworks */ = {isa = PBXBuildFile; fileRef = F75308A371F4ECD92BEFA20D /* Pods_MovieFilter.framework */; };
		F7A72C909ED4FF64C03625F0 /* Pods_MovieFilterUITests.framework in Frameworks */ = {isa = PBXBuildFile; fileRef = 84B3591B998DEAC988125BC7 /* Pods_MovieFilterUITests.framework */; };
/* End PBXBuildFile section */

/* Begin PBXContainerItemProxy section */
		6BE4D131209B9AFE00728A3D /* PBXContainerItemProxy */ = {
			isa = PBXContainerItemProxy;
			containerPortal = 6BE4D114209B9AF600728A3D /* Project object */;
			proxyType = 1;
			remoteGlobalIDString = 6BE4D11B209B9AF600728A3D;
			remoteInfo = MovieFilter;
		};
		6BE4D13C209B9AFE00728A3D /* PBXContainerItemProxy */ = {
			isa = PBXContainerItemProxy;
			containerPortal = 6BE4D114209B9AF600728A3D /* Project object */;
			proxyType = 1;
			remoteGlobalIDString = 6BE4D11B209B9AF600728A3D;
			remoteInfo = MovieFilter;
		};
/* End PBXContainerItemProxy section */

/* Begin PBXFileReference section */
		04ADC1E2E5A1B0B643327C4B /* Pods-MovieFilter.release.xcconfig */ = {isa = PBXFileReference; includeInIndex = 1; lastKnownFileType = text.xcconfig; name = "Pods-MovieFilter.release.xcconfig"; path = "Pods/Target Support Files/Pods-MovieFilter/Pods-MovieFilter.release.xcconfig"; sourceTree = "<group>"; };
		24DF21AD5DD990BC5AF1A045 /* Pods-MovieFilter.debug.xcconfig */ = {isa = PBXFileReference; includeInIndex = 1; lastKnownFileType = text.xcconfig; name = "Pods-MovieFilter.debug.xcconfig"; path = "Pods/Target Support Files/Pods-MovieFilter/Pods-MovieFilter.debug.xcconfig"; sourceTree = "<group>"; };
		694A2B7339F4F7D507B19029 /* Pods_MovieFilterTests.framework */ = {isa = PBXFileReference; explicitFileType = wrapper.framework; includeInIndex = 0; path = Pods_MovieFilterTests.framework; sourceTree = BUILT_PRODUCTS_DIR; };
		6B7193DC21B9C31A0035F85F /* Tweet_Struct.swift */ = {isa = PBXFileReference; lastKnownFileType = sourcecode.swift; path = Tweet_Struct.swift; sourceTree = "<group>"; };
		6B83C96F209C629D00DB51BC /* MapPins.swift */ = {isa = PBXFileReference; lastKnownFileType = sourcecode.swift; path = MapPins.swift; sourceTree = "<group>"; };
		6B83C971209C675300DB51BC /* DiscoveryTableViewController.swift */ = {isa = PBXFileReference; lastKnownFileType = sourcecode.swift; path = DiscoveryTableViewController.swift; sourceTree = "<group>"; };
		6BE4D11C209B9AF600728A3D /* MovieFilter.app */ = {isa = PBXFileReference; explicitFileType = wrapper.application; includeInIndex = 0; path = MovieFilter.app; sourceTree = BUILT_PRODUCTS_DIR; };
		6BE4D11F209B9AF600728A3D /* AppDelegate.swift */ = {isa = PBXFileReference; lastKnownFileType = sourcecode.swift; path = AppDelegate.swift; sourceTree = "<group>"; };
		6BE4D124209B9AF700728A3D /* Base */ = {isa = PBXFileReference; lastKnownFileType = file.storyboard; name = Base; path = Base.lproj/Main.storyboard; sourceTree = "<group>"; };
		6BE4D126209B9AFE00728A3D /* Assets.xcassets */ = {isa = PBXFileReference; lastKnownFileType = folder.assetcatalog; path = Assets.xcassets; sourceTree = "<group>"; };
		6BE4D129209B9AFE00728A3D /* Base */ = {isa = PBXFileReference; lastKnownFileType = file.storyboard; name = Base; path = Base.lproj/LaunchScreen.storyboard; sourceTree = "<group>"; };
		6BE4D12B209B9AFE00728A3D /* Info.plist */ = {isa = PBXFileReference; lastKnownFileType = text.plist.xml; path = Info.plist; sourceTree = "<group>"; };
		6BE4D130209B9AFE00728A3D /* MovieFilterTests.xctest */ = {isa = PBXFileReference; explicitFileType = wrapper.cfbundle; includeInIndex = 0; path = MovieFilterTests.xctest; sourceTree = BUILT_PRODUCTS_DIR; };
		6BE4D134209B9AFE00728A3D /* MovieFilterTests.swift */ = {isa = PBXFileReference; lastKnownFileType = sourcecode.swift; path = MovieFilterTests.swift; sourceTree = "<group>"; };
		6BE4D136209B9AFE00728A3D /* Info.plist */ = {isa = PBXFileReference; lastKnownFileType = text.plist.xml; path = Info.plist; sourceTree = "<group>"; };
		6BE4D13B209B9AFE00728A3D /* MovieFilterUITests.xctest */ = {isa = PBXFileReference; explicitFileType = wrapper.cfbundle; includeInIndex = 0; path = MovieFilterUITests.xctest; sourceTree = BUILT_PRODUCTS_DIR; };
		6BE4D13F209B9AFE00728A3D /* MovieFilterUITests.swift */ = {isa = PBXFileReference; lastKnownFileType = sourcecode.swift; path = MovieFilterUITests.swift; sourceTree = "<group>"; };
		6BE4D141209B9AFE00728A3D /* Info.plist */ = {isa = PBXFileReference; lastKnownFileType = text.plist.xml; path = Info.plist; sourceTree = "<group>"; };
		6BE4D14F209BDC2200728A3D /* MovieDataModel.swift */ = {isa = PBXFileReference; lastKnownFileType = sourcecode.swift; path = MovieDataModel.swift; sourceTree = "<group>"; };
		6BE4D151209BEDF500728A3D /* MapViewController.swift */ = {isa = PBXFileReference; lastKnownFileType = sourcecode.swift; path = MapViewController.swift; sourceTree = "<group>"; };
		6BE4D153209C117B00728A3D /* FavoritesViewController.swift */ = {isa = PBXFileReference; lastKnownFileType = sourcecode.swift; path = FavoritesViewController.swift; sourceTree = "<group>"; };
		6BE4D159209C298100728A3D /* ResultsStrut.swift */ = {isa = PBXFileReference; lastKnownFileType = sourcecode.swift; path = ResultsStrut.swift; sourceTree = "<group>"; };
		6BE4D15B209C42DD00728A3D /* OverallDescriptionStruct.swift */ = {isa = PBXFileReference; lastKnownFileType = sourcecode.swift; path = OverallDescriptionStruct.swift; sourceTree = "<group>"; };
		84B3591B998DEAC988125BC7 /* Pods_MovieFilterUITests.framework */ = {isa = PBXFileReference; explicitFileType = wrapper.framework; includeInIndex = 0; path = Pods_MovieFilterUITests.framework; sourceTree = BUILT_PRODUCTS_DIR; };
		8886DBFE6C87DC8257E70EC3 /* Pods-MovieFilterUITests.debug.xcconfig */ = {isa = PBXFileReference; includeInIndex = 1; lastKnownFileType = text.xcconfig; name = "Pods-MovieFilterUITests.debug.xcconfig"; path = "Pods/Target Support Files/Pods-MovieFilterUITests/Pods-MovieFilterUITests.debug.xcconfig"; sourceTree = "<group>"; };
		A921584180637343AF2F36BE /* Pods-MovieFilterTests.release.xcconfig */ = {isa = PBXFileReference; includeInIndex = 1; lastKnownFileType = text.xcconfig; name = "Pods-MovieFilterTests.release.xcconfig"; path = "Pods/Target Support Files/Pods-MovieFilterTests/Pods-MovieFilterTests.release.xcconfig"; sourceTree = "<group>"; };
		D205448B6EE34B424611D644 /* Pods-MovieFilterTests.debug.xcconfig */ = {isa = PBXFileReference; includeInIndex = 1; lastKnownFileType = text.xcconfig; name = "Pods-MovieFilterTests.debug.xcconfig"; path = "Pods/Target Support Files/Pods-MovieFilterTests/Pods-MovieFilterTests.debug.xcconfig"; sourceTree = "<group>"; };
		F097E29A09201EA0AAAB8F1F /* Pods-MovieFilterUITests.release.xcconfig */ = {isa = PBXFileReference; includeInIndex = 1; lastKnownFileType = text.xcconfig; name = "Pods-MovieFilterUITests.release.xcconfig"; path = "Pods/Target Support Files/Pods-MovieFilterUITests/Pods-MovieFilterUITests.release.xcconfig"; sourceTree = "<group>"; };
		F75308A371F4ECD92BEFA20D /* Pods_MovieFilter.framework */ = {isa = PBXFileReference; explicitFileType = wrapper.framework; includeInIndex = 0; path = Pods_MovieFilter.framework; sourceTree = BUILT_PRODUCTS_DIR; };
/* End PBXFileReference section */

/* Begin PBXFrameworksBuildPhase section */
		6BE4D119209B9AF600728A3D /* Frameworks */ = {
			isa = PBXFrameworksBuildPhase;
			buildActionMask = 2147483647;
			files = (
				7EAB5F3C3C34CF53DF904D52 /* Pods_MovieFilter.framework in Frameworks */,
			);
			runOnlyForDeploymentPostprocessing = 0;
		};
		6BE4D12D209B9AFE00728A3D /* Frameworks */ = {
			isa = PBXFrameworksBuildPhase;
			buildActionMask = 2147483647;
			files = (
				546F13C9A4D711798EF073DF /* Pods_MovieFilterTests.framework in Frameworks */,
			);
			runOnlyForDeploymentPostprocessing = 0;
		};
		6BE4D138209B9AFE00728A3D /* Frameworks */ = {
			isa = PBXFrameworksBuildPhase;
			buildActionMask = 2147483647;
			files = (
				F7A72C909ED4FF64C03625F0 /* Pods_MovieFilterUITests.framework in Frameworks */,
			);
			runOnlyForDeploymentPostprocessing = 0;
		};
/* End PBXFrameworksBuildPhase section */

/* Begin PBXGroup section */
		6B83C975209CA48B00DB51BC /* Model */ = {
			isa = PBXGroup;
			children = (
				6BE4D159209C298100728A3D /* ResultsStrut.swift */,
				6BE4D15B209C42DD00728A3D /* OverallDescriptionStruct.swift */,
				6BE4D14F209BDC2200728A3D /* MovieDataModel.swift */,
				6B83C96F209C629D00DB51BC /* MapPins.swift */,
				6B7193DC21B9C31A0035F85F /* Tweet_Struct.swift */,
			);
			path = Model;
			sourceTree = "<group>";
		};
		6B83C978209CA5C400DB51BC /* Controllers */ = {
			isa = PBXGroup;
			children = (
				6BE4D151209BEDF500728A3D /* MapViewController.swift */,
				6BE4D153209C117B00728A3D /* FavoritesViewController.swift */,
				6B83C971209C675300DB51BC /* DiscoveryTableViewController.swift */,
			);
			path = Controllers;
			sourceTree = "<group>";
		};
		6B83C979209CA60000DB51BC /* View */ = {
			isa = PBXGroup;
			children = (
				6BE4D123209B9AF700728A3D /* Main.storyboard */,
				6BE4D128209B9AFE00728A3D /* LaunchScreen.storyboard */,
			);
			path = View;
			sourceTree = "<group>";
		};
		6BE4D113209B9AF600728A3D = {
			isa = PBXGroup;
			children = (
				6BE4D11E209B9AF600728A3D /* MovieFilter */,
				6BE4D133209B9AFE00728A3D /* MovieFilterTests */,
				6BE4D13E209B9AFE00728A3D /* MovieFilterUITests */,
				6BE4D11D209B9AF600728A3D /* Products */,
				C2B11303F71C66F99161A619 /* Pods */,
				7C1F27DAD92ADE844E3C332E /* Frameworks */,
			);
			sourceTree = "<group>";
		};
		6BE4D11D209B9AF600728A3D /* Products */ = {
			isa = PBXGroup;
			children = (
				6BE4D11C209B9AF600728A3D /* MovieFilter.app */,
				6BE4D130209B9AFE00728A3D /* MovieFilterTests.xctest */,
				6BE4D13B209B9AFE00728A3D /* MovieFilterUITests.xctest */,
			);
			name = Products;
			sourceTree = "<group>";
		};
		6BE4D11E209B9AF600728A3D /* MovieFilter */ = {
			isa = PBXGroup;
			children = (
				6BE4D11F209B9AF600728A3D /* AppDelegate.swift */,
				6B83C979209CA60000DB51BC /* View */,
				6B83C978209CA5C400DB51BC /* Controllers */,
				6B83C975209CA48B00DB51BC /* Model */,
				6BE4D12B209B9AFE00728A3D /* Info.plist */,
				6BE4D126209B9AFE00728A3D /* Assets.xcassets */,
			);
			path = MovieFilter;
			sourceTree = "<group>";
		};
		6BE4D133209B9AFE00728A3D /* MovieFilterTests */ = {
			isa = PBXGroup;
			children = (
				6BE4D134209B9AFE00728A3D /* MovieFilterTests.swift */,
				6BE4D136209B9AFE00728A3D /* Info.plist */,
			);
			path = MovieFilterTests;
			sourceTree = "<group>";
		};
		6BE4D13E209B9AFE00728A3D /* MovieFilterUITests */ = {
			isa = PBXGroup;
			children = (
				6BE4D13F209B9AFE00728A3D /* MovieFilterUITests.swift */,
				6BE4D141209B9AFE00728A3D /* Info.plist */,
			);
			path = MovieFilterUITests;
			sourceTree = "<group>";
		};
		7C1F27DAD92ADE844E3C332E /* Frameworks */ = {
			isa = PBXGroup;
			children = (
				F75308A371F4ECD92BEFA20D /* Pods_MovieFilter.framework */,
				694A2B7339F4F7D507B19029 /* Pods_MovieFilterTests.framework */,
				84B3591B998DEAC988125BC7 /* Pods_MovieFilterUITests.framework */,
			);
			name = Frameworks;
			sourceTree = "<group>";
		};
		C2B11303F71C66F99161A619 /* Pods */ = {
			isa = PBXGroup;
			children = (
				24DF21AD5DD990BC5AF1A045 /* Pods-MovieFilter.debug.xcconfig */,
				04ADC1E2E5A1B0B643327C4B /* Pods-MovieFilter.release.xcconfig */,
				D205448B6EE34B424611D644 /* Pods-MovieFilterTests.debug.xcconfig */,
				A921584180637343AF2F36BE /* Pods-MovieFilterTests.release.xcconfig */,
				8886DBFE6C87DC8257E70EC3 /* Pods-MovieFilterUITests.debug.xcconfig */,
				F097E29A09201EA0AAAB8F1F /* Pods-MovieFilterUITests.release.xcconfig */,
			);
			name = Pods;
			sourceTree = "<group>";
		};
/* End PBXGroup section */

/* Begin PBXNativeTarget section */
		6BE4D11B209B9AF600728A3D /* MovieFilter */ = {
			isa = PBXNativeTarget;
			buildConfigurationList = 6BE4D144209B9AFE00728A3D /* Build configuration list for PBXNativeTarget "MovieFilter" */;
			buildPhases = (
				FD633492F8C34F76AFE88609 /* [CP] Check Pods Manifest.lock */,
				6BE4D118209B9AF600728A3D /* Sources */,
				6BE4D119209B9AF600728A3D /* Frameworks */,
				6BE4D11A209B9AF600728A3D /* Resources */,
				22FA45998A31A2793DA9638E /* [CP] Embed Pods Frameworks */,
				54B8447FBB90FDF8BEFF3394 /* [CP] Copy Pods Resources */,
			);
			buildRules = (
			);
			dependencies = (
			);
			name = MovieFilter;
			productName = MovieFilter;
			productReference = 6BE4D11C209B9AF600728A3D /* MovieFilter.app */;
			productType = "com.apple.product-type.application";
		};
		6BE4D12F209B9AFE00728A3D /* MovieFilterTests */ = {
			isa = PBXNativeTarget;
			buildConfigurationList = 6BE4D147209B9AFE00728A3D /* Build configuration list for PBXNativeTarget "MovieFilterTests" */;
			buildPhases = (
				1BFE778BC17C2D2CF743DC67 /* [CP] Check Pods Manifest.lock */,
				6BE4D12C209B9AFE00728A3D /* Sources */,
				6BE4D12D209B9AFE00728A3D /* Frameworks */,
				6BE4D12E209B9AFE00728A3D /* Resources */,
				477E9328D803A2A48EBA9849 /* [CP] Embed Pods Frameworks */,
				48B5AA2F2AE1EC0CE1ED7669 /* [CP] Copy Pods Resources */,
			);
			buildRules = (
			);
			dependencies = (
				6BE4D132209B9AFE00728A3D /* PBXTargetDependency */,
			);
			name = MovieFilterTests;
			productName = MovieFilterTests;
			productReference = 6BE4D130209B9AFE00728A3D /* MovieFilterTests.xctest */;
			productType = "com.apple.product-type.bundle.unit-test";
		};
		6BE4D13A209B9AFE00728A3D /* MovieFilterUITests */ = {
			isa = PBXNativeTarget;
			buildConfigurationList = 6BE4D14A209B9AFE00728A3D /* Build configuration list for PBXNativeTarget "MovieFilterUITests" */;
			buildPhases = (
				A26B3AE005906377295FC89A /* [CP] Check Pods Manifest.lock */,
				6BE4D137209B9AFE00728A3D /* Sources */,
				6BE4D138209B9AFE00728A3D /* Frameworks */,
				6BE4D139209B9AFE00728A3D /* Resources */,
				874CC26714F925F5809375F2 /* [CP] Embed Pods Frameworks */,
				4FB4084FDEB1DC3E7BC4911E /* [CP] Copy Pods Resources */,
			);
			buildRules = (
			);
			dependencies = (
				6BE4D13D209B9AFE00728A3D /* PBXTargetDependency */,
			);
			name = MovieFilterUITests;
			productName = MovieFilterUITests;
			productReference = 6BE4D13B209B9AFE00728A3D /* MovieFilterUITests.xctest */;
			productType = "com.apple.product-type.bundle.ui-testing";
		};
/* End PBXNativeTarget section */

/* Begin PBXProject section */
		6BE4D114209B9AF600728A3D /* Project object */ = {
			isa = PBXProject;
			attributes = {
				LastSwiftUpdateCheck = 0930;
				LastUpgradeCheck = 0930;
				ORGANIZATIONNAME = "Krishna Babla";
				TargetAttributes = {
					6BE4D11B209B9AF600728A3D = {
						CreatedOnToolsVersion = 9.3;
					};
					6BE4D12F209B9AFE00728A3D = {
						CreatedOnToolsVersion = 9.3;
						TestTargetID = 6BE4D11B209B9AF600728A3D;
					};
					6BE4D13A209B9AFE00728A3D = {
						CreatedOnToolsVersion = 9.3;
						TestTargetID = 6BE4D11B209B9AF600728A3D;
					};
				};
			};
			buildConfigurationList = 6BE4D117209B9AF600728A3D /* Build configuration list for PBXProject "MovieFilter" */;
			compatibilityVersion = "Xcode 9.3";
			developmentRegion = en;
			hasScannedForEncodings = 0;
			knownRegions = (
				en,
				Base,
			);
			mainGroup = 6BE4D113209B9AF600728A3D;
			productRefGroup = 6BE4D11D209B9AF600728A3D /* Products */;
			projectDirPath = "";
			projectRoot = "";
			targets = (
				6BE4D11B209B9AF600728A3D /* MovieFilter */,
				6BE4D12F209B9AFE00728A3D /* MovieFilterTests */,
				6BE4D13A209B9AFE00728A3D /* MovieFilterUITests */,
			);
		};
/* End PBXProject section */

/* Begin PBXResourcesBuildPhase section */
		6BE4D11A209B9AF600728A3D /* Resources */ = {
			isa = PBXResourcesBuildPhase;
			buildActionMask = 2147483647;
			files = (
				6BE4D12A209B9AFE00728A3D /* LaunchScreen.storyboard in Resources */,
				6BE4D127209B9AFE00728A3D /* Assets.xcassets in Resources */,
				6BE4D125209B9AF700728A3D /* Main.storyboard in Resources */,
			);
			runOnlyForDeploymentPostprocessing = 0;
		};
		6BE4D12E209B9AFE00728A3D /* Resources */ = {
			isa = PBXResourcesBuildPhase;
			buildActionMask = 2147483647;
			files = (
			);
			runOnlyForDeploymentPostprocessing = 0;
		};
		6BE4D139209B9AFE00728A3D /* Resources */ = {
			isa = PBXResourcesBuildPhase;
			buildActionMask = 2147483647;
			files = (
			);
			runOnlyForDeploymentPostprocessing = 0;
		};
/* End PBXResourcesBuildPhase section */

/* Begin PBXShellScriptBuildPhase section */
		1BFE778BC17C2D2CF743DC67 /* [CP] Check Pods Manifest.lock */ = {
			isa = PBXShellScriptBuildPhase;
			buildActionMask = 2147483647;
			files = (
			);
			inputPaths = (
				"${PODS_PODFILE_DIR_PATH}/Podfile.lock",
				"${PODS_ROOT}/Manifest.lock",
			);
			name = "[CP] Check Pods Manifest.lock";
			outputPaths = (
				"$(DERIVED_FILE_DIR)/Pods-MovieFilterTests-checkManifestLockResult.txt",
			);
			runOnlyForDeploymentPostprocessing = 0;
			shellPath = /bin/sh;
			shellScript = "diff \"${PODS_PODFILE_DIR_PATH}/Podfile.lock\" \"${PODS_ROOT}/Manifest.lock\" > /dev/null\nif [ $? != 0 ] ; then\n    # print error to STDERR\n    echo \"error: The sandbox is not in sync with the Podfile.lock. Run 'pod install' or update your CocoaPods installation.\" >&2\n    exit 1\nfi\n# This output is used by Xcode 'outputs' to avoid re-running this script phase.\necho \"SUCCESS\" > \"${SCRIPT_OUTPUT_FILE_0}\"\n";
			showEnvVarsInLog = 0;
		};
		22FA45998A31A2793DA9638E /* [CP] Embed Pods Frameworks */ = {
			isa = PBXShellScriptBuildPhase;
			buildActionMask = 2147483647;
			files = (
			);
			inputPaths = (
				"${SRCROOT}/Pods/Target Support Files/Pods-MovieFilter/Pods-MovieFilter-frameworks.sh",
				"${BUILT_PRODUCTS_DIR}/Alamofire/Alamofire.framework",
				"${BUILT_PRODUCTS_DIR}/SwiftyJSON/SwiftyJSON.framework",
			);
			name = "[CP] Embed Pods Frameworks";
			outputPaths = (
				"${TARGET_BUILD_DIR}/${FRAMEWORKS_FOLDER_PATH}/Alamofire.framework",
				"${TARGET_BUILD_DIR}/${FRAMEWORKS_FOLDER_PATH}/SwiftyJSON.framework",
			);
			runOnlyForDeploymentPostprocessing = 0;
			shellPath = /bin/sh;
			shellScript = "\"${SRCROOT}/Pods/Target Support Files/Pods-MovieFilter/Pods-MovieFilter-frameworks.sh\"\n";
			showEnvVarsInLog = 0;
		};
		477E9328D803A2A48EBA9849 /* [CP] Embed Pods Frameworks */ = {
			isa = PBXShellScriptBuildPhase;
			buildActionMask = 2147483647;
			files = (
			);
			inputPaths = (
			);
			name = "[CP] Embed Pods Frameworks";
			outputPaths = (
			);
			runOnlyForDeploymentPostprocessing = 0;
			shellPath = /bin/sh;
			shellScript = "\"${SRCROOT}/Pods/Target Support Files/Pods-MovieFilterTests/Pods-MovieFilterTests-frameworks.sh\"\n";
			showEnvVarsInLog = 0;
		};
		48B5AA2F2AE1EC0CE1ED7669 /* [CP] Copy Pods Resources */ = {
			isa = PBXShellScriptBuildPhase;
			buildActionMask = 2147483647;
			files = (
			);
			inputPaths = (
			);
			name = "[CP] Copy Pods Resources";
			outputPaths = (
			);
			runOnlyForDeploymentPostprocessing = 0;
			shellPath = /bin/sh;
			shellScript = "\"${SRCROOT}/Pods/Target Support Files/Pods-MovieFilterTests/Pods-MovieFilterTests-resources.sh\"\n";
			showEnvVarsInLog = 0;
		};
		4FB4084FDEB1DC3E7BC4911E /* [CP] Copy Pods Resources */ = {
			isa = PBXShellScriptBuildPhase;
			buildActionMask = 2147483647;
			files = (
			);
			inputPaths = (
			);
			name = "[CP] Copy Pods Resources";
			outputPaths = (
			);
			runOnlyForDeploymentPostprocessing = 0;
			shellPath = /bin/sh;
			shellScript = "\"${SRCROOT}/Pods/Target Support Files/Pods-MovieFilterUITests/Pods-MovieFilterUITests-resources.sh\"\n";
			showEnvVarsInLog = 0;
		};
		54B8447FBB90FDF8BEFF3394 /* [CP] Copy Pods Resources */ = {
			isa = PBXShellScriptBuildPhase;
			buildActionMask = 2147483647;
			files = (
			);
			inputPaths = (
			);
			name = "[CP] Copy Pods Resources";
			outputPaths = (
			);
			runOnlyForDeploymentPostprocessing = 0;
			shellPath = /bin/sh;
			shellScript = "\"${SRCROOT}/Pods/Target Support Files/Pods-MovieFilter/Pods-MovieFilter-resources.sh\"\n";
			showEnvVarsInLog = 0;
		};
		874CC26714F925F5809375F2 /* [CP] Embed Pods Frameworks */ = {
			isa = PBXShellScriptBuildPhase;
			buildActionMask = 2147483647;
			files = (
			);
			inputPaths = (
			);
			name = "[CP] Embed Pods Frameworks";
			outputPaths = (
			);
			runOnlyForDeploymentPostprocessing = 0;
			shellPath = /bin/sh;
			shellScript = "\"${SRCROOT}/Pods/Target Support Files/Pods-MovieFilterUITests/Pods-MovieFilterUITests-frameworks.sh\"\n";
			showEnvVarsInLog = 0;
		};
		A26B3AE005906377295FC89A /* [CP] Check Pods Manifest.lock */ = {
			isa = PBXShellScriptBuildPhase;
			buildActionMask = 2147483647;
			files = (
			);
			inputPaths = (
				"${PODS_PODFILE_DIR_PATH}/Podfile.lock",
				"${PODS_ROOT}/Manifest.lock",
			);
			name = "[CP] Check Pods Manifest.lock";
			outputPaths = (
				"$(DERIVED_FILE_DIR)/Pods-MovieFilterUITests-checkManifestLockResult.txt",
			);
			runOnlyForDeploymentPostprocessing = 0;
			shellPath = /bin/sh;
			shellScript = "diff \"${PODS_PODFILE_DIR_PATH}/Podfile.lock\" \"${PODS_ROOT}/Manifest.lock\" > /dev/null\nif [ $? != 0 ] ; then\n    # print error to STDERR\n    echo \"error: The sandbox is not in sync with the Podfile.lock. Run 'pod install' or update your CocoaPods installation.\" >&2\n    exit 1\nfi\n# This output is used by Xcode 'outputs' to avoid re-running this script phase.\necho \"SUCCESS\" > \"${SCRIPT_OUTPUT_FILE_0}\"\n";
			showEnvVarsInLog = 0;
		};
		FD633492F8C34F76AFE88609 /* [CP] Check Pods Manifest.lock */ = {
			isa = PBXShellScriptBuildPhase;
			buildActionMask = 2147483647;
			files = (
			);
			inputPaths = (
				"${PODS_PODFILE_DIR_PATH}/Podfile.lock",
				"${PODS_ROOT}/Manifest.lock",
			);
			name = "[CP] Check Pods Manifest.lock";
			outputPaths = (
				"$(DERIVED_FILE_DIR)/Pods-MovieFilter-checkManifestLockResult.txt",
			);
			runOnlyForDeploymentPostprocessing = 0;
			shellPath = /bin/sh;
			shellScript = "diff \"${PODS_PODFILE_DIR_PATH}/Podfile.lock\" \"${PODS_ROOT}/Manifest.lock\" > /dev/null\nif [ $? != 0 ] ; then\n    # print error to STDERR\n    echo \"error: The sandbox is not in sync with the Podfile.lock. Run 'pod install' or update your CocoaPods installation.\" >&2\n    exit 1\nfi\n# This output is used by Xcode 'outputs' to avoid re-running this script phase.\necho \"SUCCESS\" > \"${SCRIPT_OUTPUT_FILE_0}\"\n";
			showEnvVarsInLog = 0;
		};
/* End PBXShellScriptBuildPhase section */

/* Begin PBXSourcesBuildPhase section */
		6BE4D118209B9AF600728A3D /* Sources */ = {
			isa = PBXSourcesBuildPhase;
			buildActionMask = 2147483647;
			files = (
				6BE4D120209B9AF600728A3D /* AppDelegate.swift in Sources */,
				6BE4D150209BDC2200728A3D /* MovieDataModel.swift in Sources */,
				6B83C972209C675300DB51BC /* DiscoveryTableViewController.swift in Sources */,
				6BE4D154209C117B00728A3D /* FavoritesViewController.swift in Sources */,
				6BE4D152209BEDF500728A3D /* MapViewController.swift in Sources */,
				6B83C970209C629D00DB51BC /* MapPins.swift in Sources */,
				6B7193DD21B9C31A0035F85F /* Tweet_Struct.swift in Sources */,
				6BE4D15A209C298100728A3D /* ResultsStrut.swift in Sources */,
				6BE4D15C209C42DE00728A3D /* OverallDescriptionStruct.swift in Sources */,
			);
			runOnlyForDeploymentPostprocessing = 0;
		};
		6BE4D12C209B9AFE00728A3D /* Sources */ = {
			isa = PBXSourcesBuildPhase;
			buildActionMask = 2147483647;
			files = (
				6BE4D135209B9AFE00728A3D /* MovieFilterTests.swift in Sources */,
			);
			runOnlyForDeploymentPostprocessing = 0;
		};
		6BE4D137209B9AFE00728A3D /* Sources */ = {
			isa = PBXSourcesBuildPhase;
			buildActionMask = 2147483647;
			files = (
				6BE4D140209B9AFE00728A3D /* MovieFilterUITests.swift in Sources */,
			);
			runOnlyForDeploymentPostprocessing = 0;
		};
/* End PBXSourcesBuildPhase section */

/* Begin PBXTargetDependency section */
		6BE4D132209B9AFE00728A3D /* PBXTargetDependency */ = {
			isa = PBXTargetDependency;
			target = 6BE4D11B209B9AF600728A3D /* MovieFilter */;
			targetProxy = 6BE4D131209B9AFE00728A3D /* PBXContainerItemProxy */;
		};
		6BE4D13D209B9AFE00728A3D /* PBXTargetDependency */ = {
			isa = PBXTargetDependency;
			target = 6BE4D11B209B9AF600728A3D /* MovieFilter */;
			targetProxy = 6BE4D13C209B9AFE00728A3D /* PBXContainerItemProxy */;
		};
/* End PBXTargetDependency section */

/* Begin PBXVariantGroup section */
		6BE4D123209B9AF700728A3D /* Main.storyboard */ = {
			isa = PBXVariantGroup;
			children = (
				6BE4D124209B9AF700728A3D /* Base */,
			);
			name = Main.storyboard;
			sourceTree = "<group>";
		};
		6BE4D128209B9AFE00728A3D /* LaunchScreen.storyboard */ = {
			isa = PBXVariantGroup;
			children = (
				6BE4D129209B9AFE00728A3D /* Base */,
			);
			name = LaunchScreen.storyboard;
			sourceTree = "<group>";
		};
/* End PBXVariantGroup section */

/* Begin XCBuildConfiguration section */
		6BE4D142209B9AFE00728A3D /* Debug */ = {
			isa = XCBuildConfiguration;
			buildSettings = {
				ALWAYS_SEARCH_USER_PATHS = NO;
				CLANG_ANALYZER_NONNULL = YES;
				CLANG_ANALYZER_NUMBER_OBJECT_CONVERSION = YES_AGGRESSIVE;
				CLANG_CXX_LANGUAGE_STANDARD = "gnu++14";
				CLANG_CXX_LIBRARY = "libc++";
				CLANG_ENABLE_MODULES = YES;
				CLANG_ENABLE_OBJC_ARC = YES;
				CLANG_ENABLE_OBJC_WEAK = YES;
				CLANG_WARN_BLOCK_CAPTURE_AUTORELEASING = YES;
				CLANG_WARN_BOOL_CONVERSION = YES;
				CLANG_WARN_COMMA = YES;
				CLANG_WARN_CONSTANT_CONVERSION = YES;
				CLANG_WARN_DEPRECATED_OBJC_IMPLEMENTATIONS = YES;
				CLANG_WARN_DIRECT_OBJC_ISA_USAGE = YES_ERROR;
				CLANG_WARN_DOCUMENTATION_COMMENTS = YES;
				CLANG_WARN_EMPTY_BODY = YES;
				CLANG_WARN_ENUM_CONVERSION = YES;
				CLANG_WARN_INFINITE_RECURSION = YES;
				CLANG_WARN_INT_CONVERSION = YES;
				CLANG_WARN_NON_LITERAL_NULL_CONVERSION = YES;
				CLANG_WARN_OBJC_IMPLICIT_RETAIN_SELF = YES;
				CLANG_WARN_OBJC_LITERAL_CONVERSION = YES;
				CLANG_WARN_OBJC_ROOT_CLASS = YES_ERROR;
				CLANG_WARN_RANGE_LOOP_ANALYSIS = YES;
				CLANG_WARN_STRICT_PROTOTYPES = YES;
				CLANG_WARN_SUSPICIOUS_MOVE = YES;
				CLANG_WARN_UNGUARDED_AVAILABILITY = YES_AGGRESSIVE;
				CLANG_WARN_UNREACHABLE_CODE = YES;
				CLANG_WARN__DUPLICATE_METHOD_MATCH = YES;
				CODE_SIGN_IDENTITY = "iPhone Developer";
				COPY_PHASE_STRIP = NO;
				DEBUG_INFORMATION_FORMAT = dwarf;
				ENABLE_STRICT_OBJC_MSGSEND = YES;
				ENABLE_TESTABILITY = YES;
				GCC_C_LANGUAGE_STANDARD = gnu11;
				GCC_DYNAMIC_NO_PIC = NO;
				GCC_NO_COMMON_BLOCKS = YES;
				GCC_OPTIMIZATION_LEVEL = 0;
				GCC_PREPROCESSOR_DEFINITIONS = (
					"DEBUG=1",
					"$(inherited)",
				);
				GCC_WARN_64_TO_32_BIT_CONVERSION = YES;
				GCC_WARN_ABOUT_RETURN_TYPE = YES_ERROR;
				GCC_WARN_UNDECLARED_SELECTOR = YES;
				GCC_WARN_UNINITIALIZED_AUTOS = YES_AGGRESSIVE;
				GCC_WARN_UNUSED_FUNCTION = YES;
				GCC_WARN_UNUSED_VARIABLE = YES;
				IPHONEOS_DEPLOYMENT_TARGET = 11.3;
				MTL_ENABLE_DEBUG_INFO = YES;
				ONLY_ACTIVE_ARCH = YES;
				SDKROOT = iphoneos;
				SWIFT_ACTIVE_COMPILATION_CONDITIONS = DEBUG;
				SWIFT_OPTIMIZATION_LEVEL = "-Onone";
			};
			name = Debug;
		};
		6BE4D143209B9AFE00728A3D /* Release */ = {
			isa = XCBuildConfiguration;
			buildSettings = {
				ALWAYS_SEARCH_USER_PATHS = NO;
				CLANG_ANALYZER_NONNULL = YES;
				CLANG_ANALYZER_NUMBER_OBJECT_CONVERSION = YES_AGGRESSIVE;
				CLANG_CXX_LANGUAGE_STANDARD = "gnu++14";
				CLANG_CXX_LIBRARY = "libc++";
				CLANG_ENABLE_MODULES = YES;
				CLANG_ENABLE_OBJC_ARC = YES;
				CLANG_ENABLE_OBJC_WEAK = YES;
				CLANG_WARN_BLOCK_CAPTURE_AUTORELEASING = YES;
				CLANG_WARN_BOOL_CONVERSION = YES;
				CLANG_WARN_COMMA = YES;
				CLANG_WARN_CONSTANT_CONVERSION = YES;
				CLANG_WARN_DEPRECATED_OBJC_IMPLEMENTATIONS = YES;
				CLANG_WARN_DIRECT_OBJC_ISA_USAGE = YES_ERROR;
				CLANG_WARN_DOCUMENTATION_COMMENTS = YES;
				CLANG_WARN_EMPTY_BODY = YES;
				CLANG_WARN_ENUM_CONVERSION = YES;
				CLANG_WARN_INFINITE_RECURSION = YES;
				CLANG_WARN_INT_CONVERSION = YES;
				CLANG_WARN_NON_LITERAL_NULL_CONVERSION = YES;
				CLANG_WARN_OBJC_IMPLICIT_RETAIN_SELF = YES;
				CLANG_WARN_OBJC_LITERAL_CONVERSION = YES;
				CLANG_WARN_OBJC_ROOT_CLASS = YES_ERROR;
				CLANG_WARN_RANGE_LOOP_ANALYSIS = YES;
				CLANG_WARN_STRICT_PROTOTYPES = YES;
				CLANG_WARN_SUSPICIOUS_MOVE = YES;
				CLANG_WARN_UNGUARDED_AVAILABILITY = YES_AGGRESSIVE;
				CLANG_WARN_UNREACHABLE_CODE = YES;
				CLANG_WARN__DUPLICATE_METHOD_MATCH = YES;
				CODE_SIGN_IDENTITY = "iPhone Developer";
				COPY_PHASE_STRIP = NO;
				DEBUG_INFORMATION_FORMAT = "dwarf-with-dsym";
				ENABLE_NS_ASSERTIONS = NO;
				ENABLE_STRICT_OBJC_MSGSEND = YES;
				GCC_C_LANGUAGE_STANDARD = gnu11;
				GCC_NO_COMMON_BLOCKS = YES;
				GCC_WARN_64_TO_32_BIT_CONVERSION = YES;
				GCC_WARN_ABOUT_RETURN_TYPE = YES_ERROR;
				GCC_WARN_UNDECLARED_SELECTOR = YES;
				GCC_WARN_UNINITIALIZED_AUTOS = YES_AGGRESSIVE;
				GCC_WARN_UNUSED_FUNCTION = YES;
				GCC_WARN_UNUSED_VARIABLE = YES;
				IPHONEOS_DEPLOYMENT_TARGET = 11.3;
				MTL_ENABLE_DEBUG_INFO = NO;
				SDKROOT = iphoneos;
				SWIFT_COMPILATION_MODE = wholemodule;
				SWIFT_OPTIMIZATION_LEVEL = "-O";
				VALIDATE_PRODUCT = YES;
			};
			name = Release;
		};
		6BE4D145209B9AFE00728A3D /* Debug */ = {
			isa = XCBuildConfiguration;
			baseConfigurationReference = 24DF21AD5DD990BC5AF1A045 /* Pods-MovieFilter.debug.xcconfig */;
			buildSettings = {
				ASSETCATALOG_COMPILER_APPICON_NAME = AppIcon;
				CODE_SIGN_STYLE = Automatic;
				DEVELOPMENT_TEAM = CV4C6SDSK9;
				INFOPLIST_FILE = MovieFilter/Info.plist;
				LD_RUNPATH_SEARCH_PATHS = (
					"$(inherited)",
					"@executable_path/Frameworks",
				);
				PRODUCT_BUNDLE_IDENTIFIER = com.KrishnaBabla.MovieFilter;
				PRODUCT_NAME = "$(TARGET_NAME)";
				SWIFT_VERSION = 4.0;
				TARGETED_DEVICE_FAMILY = "1,2";
			};
			name = Debug;
		};
		6BE4D146209B9AFE00728A3D /* Release */ = {
			isa = XCBuildConfiguration;
			baseConfigurationReference = 04ADC1E2E5A1B0B643327C4B /* Pods-MovieFilter.release.xcconfig */;
			buildSettings = {
				ASSETCATALOG_COMPILER_APPICON_NAME = AppIcon;
				CODE_SIGN_STYLE = Automatic;
				DEVELOPMENT_TEAM = CV4C6SDSK9;
				INFOPLIST_FILE = MovieFilter/Info.plist;
				LD_RUNPATH_SEARCH_PATHS = (
					"$(inherited)",
					"@executable_path/Frameworks",
				);
				PRODUCT_BUNDLE_IDENTIFIER = com.KrishnaBabla.MovieFilter;
				PRODUCT_NAME = "$(TARGET_NAME)";
				SWIFT_VERSION = 4.0;
				TARGETED_DEVICE_FAMILY = "1,2";
			};
			name = Release;
		};
		6BE4D148209B9AFE00728A3D /* Debug */ = {
			isa = XCBuildConfiguration;
			baseConfigurationReference = D205448B6EE34B424611D644 /* Pods-MovieFilterTests.debug.xcconfig */;
			buildSettings = {
				ALWAYS_EMBED_SWIFT_STANDARD_LIBRARIES = YES;
				BUNDLE_LOADER = "$(TEST_HOST)";
				CODE_SIGN_STYLE = Automatic;
				DEVELOPMENT_TEAM = CV4C6SDSK9;
				INFOPLIST_FILE = MovieFilterTests/Info.plist;
				LD_RUNPATH_SEARCH_PATHS = (
					"$(inherited)",
					"@executable_path/Frameworks",
					"@loader_path/Frameworks",
				);
				PRODUCT_BUNDLE_IDENTIFIER = com.KrishnaBabla.MovieFilterTests;
				PRODUCT_NAME = "$(TARGET_NAME)";
				SWIFT_VERSION = 4.0;
				TARGETED_DEVICE_FAMILY = "1,2";
				TEST_HOST = "$(BUILT_PRODUCTS_DIR)/MovieFilter.app/MovieFilter";
			};
			name = Debug;
		};
		6BE4D149209B9AFE00728A3D /* Release */ = {
			isa = XCBuildConfiguration;
			baseConfigurationReference = A921584180637343AF2F36BE /* Pods-MovieFilterTests.release.xcconfig */;
			buildSettings = {
				ALWAYS_EMBED_SWIFT_STANDARD_LIBRARIES = YES;
				BUNDLE_LOADER = "$(TEST_HOST)";
				CODE_SIGN_STYLE = Automatic;
				DEVELOPMENT_TEAM = CV4C6SDSK9;
				INFOPLIST_FILE = MovieFilterTests/Info.plist;
				LD_RUNPATH_SEARCH_PATHS = (
					"$(inherited)",
					"@executable_path/Frameworks",
					"@loader_path/Frameworks",
				);
				PRODUCT_BUNDLE_IDENTIFIER = com.KrishnaBabla.MovieFilterTests;
				PRODUCT_NAME = "$(TARGET_NAME)";
				SWIFT_VERSION = 4.0;
				TARGETED_DEVICE_FAMILY = "1,2";
				TEST_HOST = "$(BUILT_PRODUCTS_DIR)/MovieFilter.app/MovieFilter";
			};
			name = Release;
		};
		6BE4D14B209B9AFE00728A3D /* Debug */ = {
			isa = XCBuildConfiguration;
			baseConfigurationReference = 8886DBFE6C87DC8257E70EC3 /* Pods-MovieFilterUITests.debug.xcconfig */;
			buildSettings = {
				ALWAYS_EMBED_SWIFT_STANDARD_LIBRARIES = YES;
				CODE_SIGN_STYLE = Automatic;
				DEVELOPMENT_TEAM = CV4C6SDSK9;
				INFOPLIST_FILE = MovieFilterUITests/Info.plist;
				LD_RUNPATH_SEARCH_PATHS = (
					"$(inherited)",
					"@executable_path/Frameworks",
					"@loader_path/Frameworks",
				);
				PRODUCT_BUNDLE_IDENTIFIER = com.KrishnaBabla.MovieFilterUITests;
				PRODUCT_NAME = "$(TARGET_NAME)";
				SWIFT_VERSION = 4.0;
				TARGETED_DEVICE_FAMILY = "1,2";
				TEST_TARGET_NAME = MovieFilter;
			};
			name = Debug;
		};
		6BE4D14C209B9AFE00728A3D /* Release */ = {
			isa = XCBuildConfiguration;
			baseConfigurationReference = F097E29A09201EA0AAAB8F1F /* Pods-MovieFilterUITests.release.xcconfig */;
			buildSettings = {
				ALWAYS_EMBED_SWIFT_STANDARD_LIBRARIES = YES;
				CODE_SIGN_STYLE = Automatic;
				DEVELOPMENT_TEAM = CV4C6SDSK9;
				INFOPLIST_FILE = MovieFilterUITests/Info.plist;
				LD_RUNPATH_SEARCH_PATHS = (
					"$(inherited)",
					"@executable_path/Frameworks",
					"@loader_path/Frameworks",
				);
				PRODUCT_BUNDLE_IDENTIFIER = com.KrishnaBabla.MovieFilterUITests;
				PRODUCT_NAME = "$(TARGET_NAME)";
				SWIFT_VERSION = 4.0;
				TARGETED_DEVICE_FAMILY = "1,2";
				TEST_TARGET_NAME = MovieFilter;
			};
			name = Release;
		};
/* End XCBuildConfiguration section */

/* Begin XCConfigurationList section */
		6BE4D117209B9AF600728A3D /* Build configuration list for PBXProject "MovieFilter" */ = {
			isa = XCConfigurationList;
			buildConfigurations = (
				6BE4D142209B9AFE00728A3D /* Debug */,
				6BE4D143209B9AFE00728A3D /* Release */,
			);
			defaultConfigurationIsVisible = 0;
			defaultConfigurationName = Release;
		};
		6BE4D144209B9AFE00728A3D /* Build configuration list for PBXNativeTarget "MovieFilter" */ = {
			isa = XCConfigurationList;
			buildConfigurations = (
				6BE4D145209B9AFE00728A3D /* Debug */,
				6BE4D146209B9AFE00728A3D /* Release */,
			);
			defaultConfigurationIsVisible = 0;
			defaultConfigurationName = Release;
		};
		6BE4D147209B9AFE00728A3D /* Build configuration list for PBXNativeTarget "MovieFilterTests" */ = {
			isa = XCConfigurationList;
			buildConfigurations = (
				6BE4D148209B9AFE00728A3D /* Debug */,
				6BE4D149209B9AFE00728A3D /* Release */,
			);
			defaultConfigurationIsVisible = 0;
			defaultConfigurationName = Release;
		};
		6BE4D14A209B9AFE00728A3D /* Build configuration list for PBXNativeTarget "MovieFilterUITests" */ = {
			isa = XCConfigurationList;
			buildConfigurations = (
				6BE4D14B209B9AFE00728A3D /* Debug */,
				6BE4D14C209B9AFE00728A3D /* Release */,
			);
			defaultConfigurationIsVisible = 0;
			defaultConfigurationName = Release;
		};
/* End XCConfigurationList section */
	};
	rootObject = 6BE4D114209B9AF600728A3D /* Project object */;
}
